
Microsoft Visual Studio Solution File, Format Version 12.00
# Visual Studio Version 17
VisualStudioVersion = 17.5.33516.290
MinimumVisualStudioVersion = 10.0.40219.1
Project("{8BC9CEB8-8B4A-11D0-8D11-00A0C91BC942}") = "AcGetG", "AcGetG.vcxproj", "{480908A6-32A2-4A75-B45B-D080D0DA3C7D}"
EndProject
Global
	GlobalSection(SolutionConfigurationPlatforms) = preSolution
		Debug|x64 = Debug|x64
		Debug|x86 = Debug|x86
		Release|x64 = Release|x64
		Release|x86 = Release|x86
	EndGlobalSection
	GlobalSection(ProjectConfigurationPlatforms) = postSolution
		{480908A6-32A2-4A75-B45B-D080D0DA3C7D}.Debug|x64.ActiveCfg = Debug|x64
		{480908A6-32A2-4A75-B45B-D080D0DA3C7D}.Debug|x64.Build.0 = Debug|x64
		{480908A6-32A2-4A75-B45B-D080D0DA3C7D}.Debug|x86.ActiveCfg = Debug|Win32
		{480908A6-32A2-4A75-B45B-D080D0DA3C7D}.Debug|x86.Build.0 = Debug|Win32
		{480908A6-32A2-4A75-B45B-D080D0DA3C7D}.Release|x64.ActiveCfg = Release|x64
		{480908A6-32A2-4A75-B45B-D080D0DA3C7D}.Release|x64.Build.0 = Release|x64
		{480908A6-32A2-4A75-B45B-D080D0DA3C7D}.Release|x86.ActiveCfg = Release|Win32
		{480908A6-32A2-4A75-B45B-D080D0DA3C7D}.Release|x86.Build.0 = Release|Win32
	EndGlobalSection
	GlobalSection(SolutionProperties) = preSolution
		HideSolutionNode = FALSE
	EndGlobalSection
	GlobalSection(ExtensibilityGlobals) = postSolution
		SolutionGuid = {2055ED1A-9BD1-458E-AD50-401687A78515}
	EndGlobalSection
EndGlobal
